
Microsoft Visual Studio Solution File, Format Version 12.00
# Visual Studio Version 16
VisualStudioVersion = 16.0.33423.256
MinimumVisualStudioVersion = 10.0.40219.1
Project("{FAE04EC0-301F-11D3-BF4B-00C04F79EFBC}") = "dz_24.03", "dz_24.03\dz_24.03.csproj", "{EAA90EE4-1ED1-4CC1-90BA-B4FD989C22B9}"
EndProject
Global
	GlobalSection(SolutionConfigurationPlatforms) = preSolution
		Debug|Any CPU = Debug|Any CPU
		Release|Any CPU = Release|Any CPU
	EndGlobalSection
	GlobalSection(ProjectConfigurationPlatforms) = postSolution
		{EAA90EE4-1ED1-4CC1-90BA-B4FD989C22B9}.Debug|Any CPU.ActiveCfg = Debug|Any CPU
		{EAA90EE4-1ED1-4CC1-90BA-B4FD989C22B9}.Debug|Any CPU.Build.0 = Debug|Any CPU
		{EAA90EE4-1ED1-4CC1-90BA-B4FD989C22B9}.Release|Any CPU.ActiveCfg = Release|Any CPU
		{EAA90EE4-1ED1-4CC1-90BA-B4FD989C22B9}.Release|Any CPU.Build.0 = Release|Any CPU
	EndGlobalSection
	GlobalSection(SolutionProperties) = preSolution
		HideSolutionNode = FALSE
	EndGlobalSection
	GlobalSection(ExtensibilityGlobals) = postSolution
		SolutionGuid = {0293CFD5-8D5A-41CA-AC2C-9616D0D6F7C0}
	EndGlobalSection
EndGlobal
